// !$*UTF8*$!
{
	archiveVersion = 1;
	classes = {
	};
	objectVersion = 56;
	objects = {

/* Begin PBXBuildFile section */
		D5F445D228E27089001B845A /* InfluenceApp.swift in Sources */ = {isa = PBXBuildFile; fileRef = D5F445D128E27089001B845A /* InfluenceApp.swift */; };
		D5F445D428E27089001B845A /* ContentView.swift in Sources */ = {isa = PBXBuildFile; fileRef = D5F445D328E27089001B845A /* ContentView.swift */; };
		D5F445D628E2708A001B845A /* Assets.xcassets in Resources */ = {isa = PBXBuildFile; fileRef = D5F445D528E2708A001B845A /* Assets.xcassets */; };
		D5F445D928E2708A001B845A /* Preview Assets.xcassets in Resources */ = {isa = PBXBuildFile; fileRef = D5F445D828E2708A001B845A /* Preview Assets.xcassets */; };
		D5F445E328E2708A001B845A /* InfluenceTests.swift in Sources */ = {isa = PBXBuildFile; fileRef = D5F445E228E2708A001B845A /* InfluenceTests.swift */; };
		D5F445ED28E2708A001B845A /* InfluenceUITests.swift in Sources */ = {isa = PBXBuildFile; fileRef = D5F445EC28E2708A001B845A /* InfluenceUITests.swift */; };
		D5F445EF28E2708A001B845A /* InfluenceUITestsLaunchTests.swift in Sources */ = {isa = PBXBuildFile; fileRef = D5F445EE28E2708A001B845A /* InfluenceUITestsLaunchTests.swift */; };
/* End PBXBuildFile section */

/* Begin PBXContainerItemProxy section */
		D5F445DF28E2708A001B845A /* PBXContainerItemProxy */ = {
			isa = PBXContainerItemProxy;
			containerPortal = D5F445C628E27089001B845A /* Project object */;
			proxyType = 1;
			remoteGlobalIDString = D5F445CD28E27089001B845A;
			remoteInfo = Influence;
		};
		D5F445E928E2708A001B845A /* PBXContainerItemProxy */ = {
			isa = PBXContainerItemProxy;
			containerPortal = D5F445C628E27089001B845A /* Project object */;
			proxyType = 1;
			remoteGlobalIDString = D5F445CD28E27089001B845A;
			remoteInfo = Influence;
		};
/* End PBXContainerItemProxy section */

/* Begin PBXFileReference section */
		D5F445CE28E27089001B845A /* IF-InFluence.app */ = {isa = PBXFileReference; explicitFileType = wrapper.application; includeInIndex = 0; path = "IF-InFluence.app"; sourceTree = BUILT_PRODUCTS_DIR; };
		D5F445D128E27089001B845A /* InfluenceApp.swift */ = {isa = PBXFileReference; lastKnownFileType = sourcecode.swift; path = InfluenceApp.swift; sourceTree = "<group>"; };
		D5F445D328E27089001B845A /* ContentView.swift */ = {isa = PBXFileReference; lastKnownFileType = sourcecode.swift; path = ContentView.swift; sourceTree = "<group>"; };
		D5F445D528E2708A001B845A /* Assets.xcassets */ = {isa = PBXFileReference; lastKnownFileType = folder.assetcatalog; path = Assets.xcassets; sourceTree = "<group>"; };
		D5F445D828E2708A001B845A /* Preview Assets.xcassets */ = {isa = PBXFileReference; lastKnownFileType = folder.assetcatalog; path = "Preview Assets.xcassets"; sourceTree = "<group>"; };
		D5F445DE28E2708A001B845A /* IF-InFluenceTests.xctest */ = {isa = PBXFileReference; explicitFileType = wrapper.cfbundle; includeInIndex = 0; path = "IF-InFluenceTests.xctest"; sourceTree = BUILT_PRODUCTS_DIR; };
		D5F445E228E2708A001B845A /* InfluenceTests.swift */ = {isa = PBXFileReference; lastKnownFileType = sourcecode.swift; path = InfluenceTests.swift; sourceTree = "<group>"; };
		D5F445E828E2708A001B845A /* IF-InFluenceUITests.xctest */ = {isa = PBXFileReference; explicitFileType = wrapper.cfbundle; includeInIndex = 0; path = "IF-InFluenceUITests.xctest"; sourceTree = BUILT_PRODUCTS_DIR; };
		D5F445EC28E2708A001B845A /* InfluenceUITests.swift */ = {isa = PBXFileReference; lastKnownFileType = sourcecode.swift; path = InfluenceUITests.swift; sourceTree = "<group>"; };
		D5F445EE28E2708A001B845A /* InfluenceUITestsLaunchTests.swift */ = {isa = PBXFileReference; lastKnownFileType = sourcecode.swift; path = InfluenceUITestsLaunchTests.swift; sourceTree = "<group>"; };
/* End PBXFileReference section */

/* Begin PBXFrameworksBuildPhase section */
		D5F445CB28E27089001B845A /* Frameworks */ = {
			isa = PBXFrameworksBuildPhase;
			buildActionMask = 2147483647;
			files = (
			);
			runOnlyForDeploymentPostprocessing = 0;
		};
		D5F445DB28E2708A001B845A /* Frameworks */ = {
			isa = PBXFrameworksBuildPhase;
			buildActionMask = 2147483647;
			files = (
			);
			runOnlyForDeploymentPostprocessing = 0;
		};
		D5F445E528E2708A001B845A /* Frameworks */ = {
			isa = PBXFrameworksBuildPhase;
			buildActionMask = 2147483647;
			files = (
			);
			runOnlyForDeploymentPostprocessing = 0;
		};
/* End PBXFrameworksBuildPhase section */

/* Begin PBXGroup section */
		D5F445C528E27089001B845A = {
			isa = PBXGroup;
			children = (
				D5F445D028E27089001B845A /* Influence */,
				D5F445E128E2708A001B845A /* InfluenceTests */,
				D5F445EB28E2708A001B845A /* InfluenceUITests */,
				D5F445CF28E27089001B845A /* Products */,
			);
			sourceTree = "<group>";
		};
		D5F445CF28E27089001B845A /* Products */ = {
			isa = PBXGroup;
			children = (
				D5F445CE28E27089001B845A /* IF-InFluence.app */,
				D5F445DE28E2708A001B845A /* IF-InFluenceTests.xctest */,
				D5F445E828E2708A001B845A /* IF-InFluenceUITests.xctest */,
			);
			name = Products;
			sourceTree = "<group>";
		};
		D5F445D028E27089001B845A /* Influence */ = {
			isa = PBXGroup;
			children = (
				D5F445D128E27089001B845A /* InfluenceApp.swift */,
				D5F445D328E27089001B845A /* ContentView.swift */,
				D5F445D528E2708A001B845A /* Assets.xcassets */,
				D5F445D728E2708A001B845A /* Preview Content */,
			);
			path = Influence;
			sourceTree = "<group>";
		};
		D5F445D728E2708A001B845A /* Preview Content */ = {
			isa = PBXGroup;
			children = (
				D5F445D828E2708A001B845A /* Preview Assets.xcassets */,
			);
			path = "Preview Content";
			sourceTree = "<group>";
		};
		D5F445E128E2708A001B845A /* InfluenceTests */ = {
			isa = PBXGroup;
			children = (
				D5F445E228E2708A001B845A /* InfluenceTests.swift */,
			);
			path = InfluenceTests;
			sourceTree = "<group>";
		};
		D5F445EB28E2708A001B845A /* InfluenceUITests */ = {
			isa = PBXGroup;
			children = (
				D5F445EC28E2708A001B845A /* InfluenceUITests.swift */,
				D5F445EE28E2708A001B845A /* InfluenceUITestsLaunchTests.swift */,
			);
			path = InfluenceUITests;
			sourceTree = "<group>";
		};
/* End PBXGroup section */

/* Begin PBXNativeTarget section */
		D5F445CD28E27089001B845A /* IF-InFluence */ = {
			isa = PBXNativeTarget;
			buildConfigurationList = D5F445F228E2708A001B845A /* Build configuration list for PBXNativeTarget "IF-InFluence" */;
			buildPhases = (
				D5F445CA28E27089001B845A /* Sources */,
				D5F445CB28E27089001B845A /* Frameworks */,
				D5F445CC28E27089001B845A /* Resources */,
			);
			buildRules = (
			);
			dependencies = (
			);
			name = "IF-InFluence";
			productName = Influence;
			productReference = D5F445CE28E27089001B845A /* IF-InFluence.app */;
			productType = "com.apple.product-type.application";
		};
		D5F445DD28E2708A001B845A /* IF-InFluenceTests */ = {
			isa = PBXNativeTarget;
			buildConfigurationList = D5F445F528E2708A001B845A /* Build configuration list for PBXNativeTarget "IF-InFluenceTests" */;
			buildPhases = (
				D5F445DA28E2708A001B845A /* Sources */,
				D5F445DB28E2708A001B845A /* Frameworks */,
				D5F445DC28E2708A001B845A /* Resources */,
			);
			buildRules = (
			);
			dependencies = (
				D5F445E028E2708A001B845A /* PBXTargetDependency */,
			);
			name = "IF-InFluenceTests";
			productName = InfluenceTests;
			productReference = D5F445DE28E2708A001B845A /* IF-InFluenceTests.xctest */;
			productType = "com.apple.product-type.bundle.unit-test";
		};
		D5F445E728E2708A001B845A /* IF-InFluenceUITests */ = {
			isa = PBXNativeTarget;
			buildConfigurationList = D5F445F828E2708A001B845A /* Build configuration list for PBXNativeTarget "IF-InFluenceUITests" */;
			buildPhases = (
				D5F445E428E2708A001B845A /* Sources */,
				D5F445E528E2708A001B845A /* Frameworks */,
				D5F445E628E2708A001B845A /* Resources */,
			);
			buildRules = (
			);
			dependencies = (
				D5F445EA28E2708A001B845A /* PBXTargetDependency */,
			);
			name = "IF-InFluenceUITests";
			productName = InfluenceUITests;
			productReference = D5F445E828E2708A001B845A /* IF-InFluenceUITests.xctest */;
			productType = "com.apple.product-type.bundle.ui-testing";
		};
/* End PBXNativeTarget section */

/* Begin PBXProject section */
		D5F445C628E27089001B845A /* Project object */ = {
			isa = PBXProject;
			attributes = {
				BuildIndependentTargetsInParallel = 1;
				LastSwiftUpdateCheck = 1400;
				LastUpgradeCheck = 1400;
				TargetAttributes = {
					D5F445CD28E27089001B845A = {
						CreatedOnToolsVersion = 14.0;
					};
					D5F445DD28E2708A001B845A = {
						CreatedOnToolsVersion = 14.0;
						TestTargetID = D5F445CD28E27089001B845A;
					};
					D5F445E728E2708A001B845A = {
						CreatedOnToolsVersion = 14.0;
						TestTargetID = D5F445CD28E27089001B845A;
					};
				};
			};
			buildConfigurationList = D5F445C928E27089001B845A /* Build configuration list for PBXProject "IF-InFluence" */;
			compatibilityVersion = "Xcode 14.0";
			developmentRegion = en;
			hasScannedForEncodings = 0;
			knownRegions = (
				en,
				Base,
			);
			mainGroup = D5F445C528E27089001B845A;
			productRefGroup = D5F445CF28E27089001B845A /* Products */;
			projectDirPath = "";
			projectRoot = "";
			targets = (
				D5F445CD28E27089001B845A /* IF-InFluence */,
				D5F445DD28E2708A001B845A /* IF-InFluenceTests */,
				D5F445E728E2708A001B845A /* IF-InFluenceUITests */,
			);
		};
/* End PBXProject section */

/* Begin PBXResourcesBuildPhase section */
		D5F445CC28E27089001B845A /* Resources */ = {
			isa = PBXResourcesBuildPhase;
			buildActionMask = 2147483647;
			files = (
				D5F445D928E2708A001B845A /* Preview Assets.xcassets in Resources */,
				D5F445D628E2708A001B845A /* Assets.xcassets in Resources */,
			);
			runOnlyForDeploymentPostprocessing = 0;
		};
		D5F445DC28E2708A001B845A /* Resources */ = {
			isa = PBXResourcesBuildPhase;
			buildActionMask = 2147483647;
			files = (
			);
			runOnlyForDeploymentPostprocessing = 0;
		};
		D5F445E628E2708A001B845A /* Resources */ = {
			isa = PBXResourcesBuildPhase;
			buildActionMask = 2147483647;
			files = (
			);
			runOnlyForDeploymentPostprocessing = 0;
		};
/* End PBXResourcesBuildPhase section */

/* Begin PBXSourcesBuildPhase section */
		D5F445CA28E27089001B845A /* Sources */ = {
			isa = PBXSourcesBuildPhase;
			buildActionMask = 2147483647;
			files = (
				D5F445D428E27089001B845A /* ContentView.swift in Sources */,
				D5F445D228E27089001B845A /* InfluenceApp.swift in Sources */,
			);
			runOnlyForDeploymentPostprocessing = 0;
		};
		D5F445DA28E2708A001B845A /* Sources */ = {
			isa = PBXSourcesBuildPhase;
			buildActionMask = 2147483647;
			files = (
				D5F445E328E2708A001B845A /* InfluenceTests.swift in Sources */,
			);
			runOnlyForDeploymentPostprocessing = 0;
		};
		D5F445E428E2708A001B845A /* Sources */ = {
			isa = PBXSourcesBuildPhase;
			buildActionMask = 2147483647;
			files = (
				D5F445EF28E2708A001B845A /* InfluenceUITestsLaunchTests.swift in Sources */,
				D5F445ED28E2708A001B845A /* InfluenceUITests.swift in Sources */,
			);
			runOnlyForDeploymentPostprocessing = 0;
		};
/* End PBXSourcesBuildPhase section */

/* Begin PBXTargetDependency section */
		D5F445E028E2708A001B845A /* PBXTargetDependency */ = {
			isa = PBXTargetDependency;
			target = D5F445CD28E27089001B845A /* IF-InFluence */;
			targetProxy = D5F445DF28E2708A001B845A /* PBXContainerItemProxy */;
		};
		D5F445EA28E2708A001B845A /* PBXTargetDependency */ = {
			isa = PBXTargetDependency;
			target = D5F445CD28E27089001B845A /* IF-InFluence */;
			targetProxy = D5F445E928E2708A001B845A /* PBXContainerItemProxy */;
		};
/* End PBXTargetDependency section */

/* Begin XCBuildConfiguration section */
		D5F445F028E2708A001B845A /* Debug */ = {
			isa = XCBuildConfiguration;
			buildSettings = {
				ALWAYS_SEARCH_USER_PATHS = NO;
				CLANG_ANALYZER_NONNULL = YES;
				CLANG_ANALYZER_NUMBER_OBJECT_CONVERSION = YES_AGGRESSIVE;
				CLANG_CXX_LANGUAGE_STANDARD = "gnu++20";
				CLANG_ENABLE_MODULES = YES;
				CLANG_ENABLE_OBJC_ARC = YES;
				CLANG_ENABLE_OBJC_WEAK = YES;
				CLANG_WARN_BLOCK_CAPTURE_AUTORELEASING = YES;
				CLANG_WARN_BOOL_CONVERSION = YES;
				CLANG_WARN_COMMA = YES;
				CLANG_WARN_CONSTANT_CONVERSION = YES;
				CLANG_WARN_DEPRECATED_OBJC_IMPLEMENTATIONS = YES;
				CLANG_WARN_DIRECT_OBJC_ISA_USAGE = YES_ERROR;
				CLANG_WARN_DOCUMENTATION_COMMENTS = YES;
				CLANG_WARN_EMPTY_BODY = YES;
				CLANG_WARN_ENUM_CONVERSION = YES;
				CLANG_WARN_INFINITE_RECURSION = YES;
				CLANG_WARN_INT_CONVERSION = YES;
				CLANG_WARN_NON_LITERAL_NULL_CONVERSION = YES;
				CLANG_WARN_OBJC_IMPLICIT_RETAIN_SELF = YES;
				CLANG_WARN_OBJC_LITERAL_CONVERSION = YES;
				CLANG_WARN_OBJC_ROOT_CLASS = YES_ERROR;
				CLANG_WARN_QUOTED_INCLUDE_IN_FRAMEWORK_HEADER = YES;
				CLANG_WARN_RANGE_LOOP_ANALYSIS = YES;
				CLANG_WARN_STRICT_PROTOTYPES = YES;
				CLANG_WARN_SUSPICIOUS_MOVE = YES;
				CLANG_WARN_UNGUARDED_AVAILABILITY = YES_AGGRESSIVE;
				CLANG_WARN_UNREACHABLE_CODE = YES;
				CLANG_WARN__DUPLICATE_METHOD_MATCH = YES;
				COPY_PHASE_STRIP = NO;
				DEBUG_INFORMATION_FORMAT = dwarf;
				ENABLE_STRICT_OBJC_MSGSEND = YES;
				ENABLE_TESTABILITY = YES;
				GCC_C_LANGUAGE_STANDARD = gnu11;
				GCC_DYNAMIC_NO_PIC = NO;
				GCC_NO_COMMON_BLOCKS = YES;
				GCC_OPTIMIZATION_LEVEL = 0;
				GCC_PREPROCESSOR_DEFINITIONS = (
					"DEBUG=1",
					"$(inherited)",
				);
				GCC_WARN_64_TO_32_BIT_CONVERSION = YES;
				GCC_WARN_ABOUT_RETURN_TYPE = YES_ERROR;
				GCC_WARN_UNDECLARED_SELECTOR = YES;
				GCC_WARN_UNINITIALIZED_AUTOS = YES_AGGRESSIVE;
				GCC_WARN_UNUSED_FUNCTION = YES;
				GCC_WARN_UNUSED_VARIABLE = YES;
				IPHONEOS_DEPLOYMENT_TARGET = 16.0;
				MTL_ENABLE_DEBUG_INFO = INCLUDE_SOURCE;
				MTL_FAST_MATH = YES;
				ONLY_ACTIVE_ARCH = YES;
				SDKROOT = iphoneos;
				SWIFT_ACTIVE_COMPILATION_CONDITIONS = DEBUG;
				SWIFT_OPTIMIZATION_LEVEL = "-Onone";
			};
			name = Debug;
		};
		D5F445F128E2708A001B845A /* Release */ = {
			isa = XCBuildConfiguration;
			buildSettings = {
				ALWAYS_SEARCH_USER_PATHS = NO;
				CLANG_ANALYZER_NONNULL = YES;
				CLANG_ANALYZER_NUMBER_OBJECT_CONVERSION = YES_AGGRESSIVE;
				CLANG_CXX_LANGUAGE_STANDARD = "gnu++20";
				CLANG_ENABLE_MODULES = YES;
				CLANG_ENABLE_OBJC_ARC = YES;
				CLANG_ENABLE_OBJC_WEAK = YES;
				CLANG_WARN_BLOCK_CAPTURE_AUTORELEASING = YES;
				CLANG_WARN_BOOL_CONVERSION = YES;
				CLANG_WARN_COMMA = YES;
				CLANG_WARN_CONSTANT_CONVERSION = YES;
				CLANG_WARN_DEPRECATED_OBJC_IMPLEMENTATIONS = YES;
				CLANG_WARN_DIRECT_OBJC_ISA_USAGE = YES_ERROR;
				CLANG_WARN_DOCUMENTATION_COMMENTS = YES;
				CLANG_WARN_EMPTY_BODY = YES;
				CLANG_WARN_ENUM_CONVERSION = YES;
				CLANG_WARN_INFINITE_RECURSION = YES;
				CLANG_WARN_INT_CONVERSION = YES;
				CLANG_WARN_NON_LITERAL_NULL_CONVERSION = YES;
				CLANG_WARN_OBJC_IMPLICIT_RETAIN_SELF = YES;
				CLANG_WARN_OBJC_LITERAL_CONVERSION = YES;
				CLANG_WARN_OBJC_ROOT_CLASS = YES_ERROR;
				CLANG_WARN_QUOTED_INCLUDE_IN_FRAMEWORK_HEADER = YES;
				CLANG_WARN_RANGE_LOOP_ANALYSIS = YES;
				CLANG_WARN_STRICT_PROTOTYPES = YES;
				CLANG_WARN_SUSPICIOUS_MOVE = YES;
				CLANG_WARN_UNGUARDED_AVAILABILITY = YES_AGGRESSIVE;
				CLANG_WARN_UNREACHABLE_CODE = YES;
				CLANG_WARN__DUPLICATE_METHOD_MATCH = YES;
				COPY_PHASE_STRIP = NO;
				DEBUG_INFORMATION_FORMAT = "dwarf-with-dsym";
				ENABLE_NS_ASSERTIONS = NO;
				ENABLE_STRICT_OBJC_MSGSEND = YES;
				GCC_C_LANGUAGE_STANDARD = gnu11;
				GCC_NO_COMMON_BLOCKS = YES;
				GCC_WARN_64_TO_32_BIT_CONVERSION = YES;
				GCC_WARN_ABOUT_RETURN_TYPE = YES_ERROR;
				GCC_WARN_UNDECLARED_SELECTOR = YES;
				GCC_WARN_UNINITIALIZED_AUTOS = YES_AGGRESSIVE;
				GCC_WARN_UNUSED_FUNCTION = YES;
				GCC_WARN_UNUSED_VARIABLE = YES;
				IPHONEOS_DEPLOYMENT_TARGET = 16.0;
				MTL_ENABLE_DEBUG_INFO = NO;
				MTL_FAST_MATH = YES;
				SDKROOT = iphoneos;
				SWIFT_COMPILATION_MODE = wholemodule;
				SWIFT_OPTIMIZATION_LEVEL = "-O";
				VALIDATE_PRODUCT = YES;
			};
			name = Release;
		};
		D5F445F328E2708A001B845A /* Debug */ = {
			isa = XCBuildConfiguration;
			buildSettings = {
				ASSETCATALOG_COMPILER_APPICON_NAME = AppIcon;
				ASSETCATALOG_COMPILER_GLOBAL_ACCENT_COLOR_NAME = AccentColor;
				CODE_SIGN_STYLE = Automatic;
				CURRENT_PROJECT_VERSION = 1;
				DEVELOPMENT_ASSET_PATHS = "\"Influence/Preview Content\"";
				ENABLE_PREVIEWS = YES;
				GENERATE_INFOPLIST_FILE = YES;
				INFOPLIST_KEY_UIApplicationSceneManifest_Generation = YES;
				INFOPLIST_KEY_UIApplicationSupportsIndirectInputEvents = YES;
				INFOPLIST_KEY_UILaunchScreen_Generation = YES;
				INFOPLIST_KEY_UISupportedInterfaceOrientations_iPad = "UIInterfaceOrientationPortrait UIInterfaceOrientationPortraitUpsideDown UIInterfaceOrientationLandscapeLeft UIInterfaceOrientationLandscapeRight";
				INFOPLIST_KEY_UISupportedInterfaceOrientations_iPhone = "UIInterfaceOrientationPortrait UIInterfaceOrientationLandscapeLeft UIInterfaceOrientationLandscapeRight";
				LD_RUNPATH_SEARCH_PATHS = (
					"$(inherited)",
					"@executable_path/Frameworks",
				);
				MARKETING_VERSION = 1.0;
				PRODUCT_BUNDLE_IDENTIFIER = Viral.Influence;
				PRODUCT_NAME = "$(TARGET_NAME)";
				SWIFT_EMIT_LOC_STRINGS = YES;
				SWIFT_VERSION = 5.0;
				TARGETED_DEVICE_FAMILY = "1,2";
			};
			name = Debug;
		};
		D5F445F428E2708A001B845A /* Release */ = {
			isa = XCBuildConfiguration;
			buildSettings = {
				ASSETCATALOG_COMPILER_APPICON_NAME = AppIcon;
				ASSETCATALOG_COMPILER_GLOBAL_ACCENT_COLOR_NAME = AccentColor;
				CODE_SIGN_STYLE = Automatic;
				CURRENT_PROJECT_VERSION = 1;
				DEVELOPMENT_ASSET_PATHS = "\"Influence/Preview Content\"";
				ENABLE_PREVIEWS = YES;
				GENERATE_INFOPLIST_FILE = YES;
				INFOPLIST_KEY_UIApplicationSceneManifest_Generation = YES;
				INFOPLIST_KEY_UIApplicationSupportsIndirectInputEvents = YES;
				INFOPLIST_KEY_UILaunchScreen_Generation = YES;
				INFOPLIST_KEY_UISupportedInterfaceOrientations_iPad = "UIInterfaceOrientationPortrait UIInterfaceOrientationPortraitUpsideDown UIInterfaceOrientationLandscapeLeft UIInterfaceOrientationLandscapeRight";
				INFOPLIST_KEY_UISupportedInterfaceOrientations_iPhone = "UIInterfaceOrientationPortrait UIInterfaceOrientationLandscapeLeft UIInterfaceOrientationLandscapeRight";
				LD_RUNPATH_SEARCH_PATHS = (
					"$(inherited)",
					"@executable_path/Frameworks",
				);
				MARKETING_VERSION = 1.0;
				PRODUCT_BUNDLE_IDENTIFIER = Viral.Influence;
				PRODUCT_NAME = "$(TARGET_NAME)";
				SWIFT_EMIT_LOC_STRINGS = YES;
				SWIFT_VERSION = 5.0;
				TARGETED_DEVICE_FAMILY = "1,2";
			};
			name = Release;
		};
		D5F445F628E2708A001B845A /* Debug */ = {
			isa = XCBuildConfiguration;
			buildSettings = {
				ALWAYS_EMBED_SWIFT_STANDARD_LIBRARIES = YES;
				BUNDLE_LOADER = "$(TEST_HOST)";
				CODE_SIGN_STYLE = Automatic;
				CURRENT_PROJECT_VERSION = 1;
				GENERATE_INFOPLIST_FILE = YES;
				IPHONEOS_DEPLOYMENT_TARGET = 16.0;
				MARKETING_VERSION = 1.0;
				PRODUCT_BUNDLE_IDENTIFIER = Viral.InfluenceTests;
				PRODUCT_NAME = "$(TARGET_NAME)";
				SWIFT_EMIT_LOC_STRINGS = NO;
				SWIFT_VERSION = 5.0;
				TARGETED_DEVICE_FAMILY = "1,2";
				TEST_HOST = "$(BUILT_PRODUCTS_DIR)/IF-InFluence.app/$(BUNDLE_EXECUTABLE_FOLDER_PATH)/IF-InFluence";
			};
			name = Debug;
		};
		D5F445F728E2708A001B845A /* Release */ = {
			isa = XCBuildConfiguration;
			buildSettings = {
				ALWAYS_EMBED_SWIFT_STANDARD_LIBRARIES = YES;
				BUNDLE_LOADER = "$(TEST_HOST)";
				CODE_SIGN_STYLE = Automatic;
				CURRENT_PROJECT_VERSION = 1;
				GENERATE_INFOPLIST_FILE = YES;
				IPHONEOS_DEPLOYMENT_TARGET = 16.0;
				MARKETING_VERSION = 1.0;
				PRODUCT_BUNDLE_IDENTIFIER = Viral.InfluenceTests;
				PRODUCT_NAME = "$(TARGET_NAME)";
				SWIFT_EMIT_LOC_STRINGS = NO;
				SWIFT_VERSION = 5.0;
				TARGETED_DEVICE_FAMILY = "1,2";
				TEST_HOST = "$(BUILT_PRODUCTS_DIR)/IF-InFluence.app/$(BUNDLE_EXECUTABLE_FOLDER_PATH)/IF-InFluence";
			};
			name = Release;
		};
		D5F445F928E2708A001B845A /* Debug */ = {
			isa = XCBuildConfiguration;
			buildSettings = {
				ALWAYS_EMBED_SWIFT_STANDARD_LIBRARIES = YES;
				CODE_SIGN_STYLE = Automatic;
				CURRENT_PROJECT_VERSION = 1;
				GENERATE_INFOPLIST_FILE = YES;
				MARKETING_VERSION = 1.0;
				PRODUCT_BUNDLE_IDENTIFIER = Viral.InfluenceUITests;
				PRODUCT_NAME = "$(TARGET_NAME)";
				SWIFT_EMIT_LOC_STRINGS = NO;
				SWIFT_VERSION = 5.0;
				TARGETED_DEVICE_FAMILY = "1,2";
				TEST_TARGET_NAME = Influence;
			};
			name = Debug;
		};
		D5F445FA28E2708A001B845A /* Release */ = {
			isa = XCBuildConfiguration;
			buildSettings = {
				ALWAYS_EMBED_SWIFT_STANDARD_LIBRARIES = YES;
				CODE_SIGN_STYLE = Automatic;
				CURRENT_PROJECT_VERSION = 1;
				GENERATE_INFOPLIST_FILE = YES;
				MARKETING_VERSION = 1.0;
				PRODUCT_BUNDLE_IDENTIFIER = Viral.InfluenceUITests;
				PRODUCT_NAME = "$(TARGET_NAME)";
				SWIFT_EMIT_LOC_STRINGS = NO;
				SWIFT_VERSION = 5.0;
				TARGETED_DEVICE_FAMILY = "1,2";
				TEST_TARGET_NAME = Influence;
			};
			name = Release;
		};
/* End XCBuildConfiguration section */

/* Begin XCConfigurationList section */
		D5F445C928E27089001B845A /* Build configuration list for PBXProject "IF-InFluence" */ = {
			isa = XCConfigurationList;
			buildConfigurations = (
				D5F445F028E2708A001B845A /* Debug */,
				D5F445F128E2708A001B845A /* Release */,
			);
			defaultConfigurationIsVisible = 0;
			defaultConfigurationName = Release;
		};
		D5F445F228E2708A001B845A /* Build configuration list for PBXNativeTarget "IF-InFluence" */ = {
			isa = XCConfigurationList;
			buildConfigurations = (
				D5F445F328E2708A001B845A /* Debug */,
				D5F445F428E2708A001B845A /* Release */,
			);
			defaultConfigurationIsVisible = 0;
			defaultConfigurationName = Release;
		};
		D5F445F528E2708A001B845A /* Build configuration list for PBXNativeTarget "IF-InFluenceTests" */ = {
			isa = XCConfigurationList;
			buildConfigurations = (
				D5F445F628E2708A001B845A /* Debug */,
				D5F445F728E2708A001B845A /* Release */,
			);
			defaultConfigurationIsVisible = 0;
			defaultConfigurationName = Release;
		};
		D5F445F828E2708A001B845A /* Build configuration list for PBXNativeTarget "IF-InFluenceUITests" */ = {
			isa = XCConfigurationList;
			buildConfigurations = (
				D5F445F928E2708A001B845A /* Debug */,
				D5F445FA28E2708A001B845A /* Release */,
			);
			defaultConfigurationIsVisible = 0;
			defaultConfigurationName = Release;
		};
/* End XCConfigurationList section */
	};
	rootObject = D5F445C628E27089001B845A /* Project object */;
}
